
Microsoft Visual Studio Solution File, Format Version 12.00
Project("{FAE04EC0-301F-11D3-BF4B-00C04F79EFBC}") = "TrailStore.Api", "TrailStore.Api\TrailStore.Api.csproj", "{86AC90C8-B0FD-475C-9189-CE76BC67C7A1}"
EndProject
Project("{FAE04EC0-301F-11D3-BF4B-00C04F79EFBC}") = "TrailStore.Domain", "TrailStore.Domain\TrailStore.Domain.csproj", "{85A0F494-0D61-4C57-98F9-3689395DA87A}"
EndProject
Project("{FAE04EC0-301F-11D3-BF4B-00C04F79EFBC}") = "TrailStore.Infrastructure", "TrailStore.Infrastructure\TrailStore.Infrastructure.csproj", "{01858CFF-8910-44CB-8279-039D02A3EDBC}"
EndProject
Project("{FAE04EC0-301F-11D3-BF4B-00C04F79EFBC}") = "TrailStore.Shared", "TrailStore.Shared\TrailStore.Shared.csproj", "{F045E2E0-AA19-4150-B91A-E9E8631CAC6A}"
EndProject
Project("{FAE04EC0-301F-11D3-BF4B-00C04F79EFBC}") = "TrailStore.Seed", "TrailStore.Seed\TrailStore.Seed.csproj", "{2DE79EB1-302B-41E5-BF2A-BF30300A622E}"
EndProject
Project("{FAE04EC0-301F-11D3-BF4B-00C04F79EFBC}") = "TrailStore.Identity.Domain", "TrailStore.Identity.Domain\TrailStore.Identity.Domain.csproj", "{B59E8B66-007A-4155-BDB4-8DD80742F800}"
EndProject
Project("{FAE04EC0-301F-11D3-BF4B-00C04F79EFBC}") = "TrailStore.Shared.Domain", "TrailStore.Shared.Domain\TrailStore.Shared.Domain.csproj", "{7DA6C02B-7D99-45E4-95F6-AC5F948DE75B}"
EndProject
Project("{FAE04EC0-301F-11D3-BF4B-00C04F79EFBC}") = "TrailStore.Identity.Infrastructure", "TrailStore.Identity.Infrastructure\TrailStore.Identity.Infrastructure.csproj", "{13050295-2888-4A3B-A4D4-551E62BE9ED5}"
EndProject
Project("{FAE04EC0-301F-11D3-BF4B-00C04F79EFBC}") = "TrailStore.Shared.Infrastructure", "TrailStore.Shared.Infrastructure\TrailStore.Shared.Infrastructure.csproj", "{FA3E474D-C184-4AEC-B3A5-66CA153121AF}"
EndProject
Project("{FAE04EC0-301F-11D3-BF4B-00C04F79EFBC}") = "TrailStore.Identity.Application", "TrailStore.Identity.Application\TrailStore.Identity.Application.csproj", "{E662C7C0-869F-4CBF-A937-AB222516892F}"
EndProject
Project("{FAE04EC0-301F-11D3-BF4B-00C04F79EFBC}") = "TrailStore.Identity.Api", "TrailStore.Identity.Api\TrailStore.Identity.Api.csproj", "{CEF020A6-5204-4658-847E-119225CBDB54}"
EndProject
Project("{2150E333-8FDC-42A3-9474-1A3956D46DE8}") = "Modules", "Modules", "{823AB02E-1130-44F9-B78E-8103138DBFEA}"
EndProject
Project("{2150E333-8FDC-42A3-9474-1A3956D46DE8}") = "Identity", "Identity", "{8B10F269-9802-408F-899C-069C3FCCD98E}"
EndProject
Project("{2150E333-8FDC-42A3-9474-1A3956D46DE8}") = "Shared", "Shared", "{C2951A7F-EE6B-4E70-81E7-D193CA4649B1}"
EndProject
Project("{FAE04EC0-301F-11D3-BF4B-00C04F79EFBC}") = "TrailStore.Shared.DependencyInjection", "TrailStore.Shared.DependencyInjection\TrailStore.Shared.DependencyInjection.csproj", "{F3E542DE-7A88-4166-BA02-822BA52FFAF9}"
EndProject
Project("{FAE04EC0-301F-11D3-BF4B-00C04F79EFBC}") = "TrailStore.Shared.Api", "TrailStore.Shared.Api\TrailStore.Shared.Api.csproj", "{53F1724F-EC56-4D86-820C-4C6148A3CE2A}"
EndProject
Project("{FAE04EC0-301F-11D3-BF4B-00C04F79EFBC}") = "TrailStore.Host", "TrailStore.Host\TrailStore.Host.csproj", "{8CF40E9A-5D4A-4741-BC60-86F58B27F805}"
EndProject
Project("{2150E333-8FDC-42A3-9474-1A3956D46DE8}") = "Root", "Root", "{846992AC-55B1-4EC1-B07A-65776839BE33}"
EndProject
Project("{FAE04EC0-301F-11D3-BF4B-00C04F79EFBC}") = "TrailStore.Identity.Seed", "TrailStore.Identity.Seed\TrailStore.Identity.Seed.csproj", "{A604A2C4-8A3E-466B-B384-79AC31EA1B10}"
EndProject
Project("{FAE04EC0-301F-11D3-BF4B-00C04F79EFBC}") = "TrailStore.Seed.Console", "TrailStore.Seed.Console\TrailStore.Seed.Console.csproj", "{21A3ADF5-045D-4DAA-8A7A-97C1FD304523}"
EndProject
Project("{FAE04EC0-301F-11D3-BF4B-00C04F79EFBC}") = "TrailStore.Shared.Seeding", "TrailStore.Shared.Seeding\TrailStore.Shared.Seeding.csproj", "{05E7203C-8DB1-4C2C-9EAD-1C036219DCE8}"
EndProject
Global
	GlobalSection(SolutionConfigurationPlatforms) = preSolution
		Debug|Any CPU = Debug|Any CPU
		Release|Any CPU = Release|Any CPU
	EndGlobalSection
	GlobalSection(ProjectConfigurationPlatforms) = postSolution
		{86AC90C8-B0FD-475C-9189-CE76BC67C7A1}.Debug|Any CPU.ActiveCfg = Debug|Any CPU
		{86AC90C8-B0FD-475C-9189-CE76BC67C7A1}.Debug|Any CPU.Build.0 = Debug|Any CPU
		{86AC90C8-B0FD-475C-9189-CE76BC67C7A1}.Release|Any CPU.ActiveCfg = Release|Any CPU
		{86AC90C8-B0FD-475C-9189-CE76BC67C7A1}.Release|Any CPU.Build.0 = Release|Any CPU
		{85A0F494-0D61-4C57-98F9-3689395DA87A}.Debug|Any CPU.ActiveCfg = Debug|Any CPU
		{85A0F494-0D61-4C57-98F9-3689395DA87A}.Debug|Any CPU.Build.0 = Debug|Any CPU
		{85A0F494-0D61-4C57-98F9-3689395DA87A}.Release|Any CPU.ActiveCfg = Release|Any CPU
		{85A0F494-0D61-4C57-98F9-3689395DA87A}.Release|Any CPU.Build.0 = Release|Any CPU
		{01858CFF-8910-44CB-8279-039D02A3EDBC}.Debug|Any CPU.ActiveCfg = Debug|Any CPU
		{01858CFF-8910-44CB-8279-039D02A3EDBC}.Debug|Any CPU.Build.0 = Debug|Any CPU
		{01858CFF-8910-44CB-8279-039D02A3EDBC}.Release|Any CPU.ActiveCfg = Release|Any CPU
		{01858CFF-8910-44CB-8279-039D02A3EDBC}.Release|Any CPU.Build.0 = Release|Any CPU
		{F045E2E0-AA19-4150-B91A-E9E8631CAC6A}.Debug|Any CPU.ActiveCfg = Debug|Any CPU
		{F045E2E0-AA19-4150-B91A-E9E8631CAC6A}.Debug|Any CPU.Build.0 = Debug|Any CPU
		{F045E2E0-AA19-4150-B91A-E9E8631CAC6A}.Release|Any CPU.ActiveCfg = Release|Any CPU
		{F045E2E0-AA19-4150-B91A-E9E8631CAC6A}.Release|Any CPU.Build.0 = Release|Any CPU
		{2DE79EB1-302B-41E5-BF2A-BF30300A622E}.Debug|Any CPU.ActiveCfg = Debug|Any CPU
		{2DE79EB1-302B-41E5-BF2A-BF30300A622E}.Debug|Any CPU.Build.0 = Debug|Any CPU
		{2DE79EB1-302B-41E5-BF2A-BF30300A622E}.Release|Any CPU.ActiveCfg = Release|Any CPU
		{2DE79EB1-302B-41E5-BF2A-BF30300A622E}.Release|Any CPU.Build.0 = Release|Any CPU
		{B59E8B66-007A-4155-BDB4-8DD80742F800}.Debug|Any CPU.ActiveCfg = Debug|Any CPU
		{B59E8B66-007A-4155-BDB4-8DD80742F800}.Debug|Any CPU.Build.0 = Debug|Any CPU
		{B59E8B66-007A-4155-BDB4-8DD80742F800}.Release|Any CPU.ActiveCfg = Release|Any CPU
		{B59E8B66-007A-4155-BDB4-8DD80742F800}.Release|Any CPU.Build.0 = Release|Any CPU
		{7DA6C02B-7D99-45E4-95F6-AC5F948DE75B}.Debug|Any CPU.ActiveCfg = Debug|Any CPU
		{7DA6C02B-7D99-45E4-95F6-AC5F948DE75B}.Debug|Any CPU.Build.0 = Debug|Any CPU
		{7DA6C02B-7D99-45E4-95F6-AC5F948DE75B}.Release|Any CPU.ActiveCfg = Release|Any CPU
		{7DA6C02B-7D99-45E4-95F6-AC5F948DE75B}.Release|Any CPU.Build.0 = Release|Any CPU
		{13050295-2888-4A3B-A4D4-551E62BE9ED5}.Debug|Any CPU.ActiveCfg = Debug|Any CPU
		{13050295-2888-4A3B-A4D4-551E62BE9ED5}.Debug|Any CPU.Build.0 = Debug|Any CPU
		{13050295-2888-4A3B-A4D4-551E62BE9ED5}.Release|Any CPU.ActiveCfg = Release|Any CPU
		{13050295-2888-4A3B-A4D4-551E62BE9ED5}.Release|Any CPU.Build.0 = Release|Any CPU
		{FA3E474D-C184-4AEC-B3A5-66CA153121AF}.Debug|Any CPU.ActiveCfg = Debug|Any CPU
		{FA3E474D-C184-4AEC-B3A5-66CA153121AF}.Debug|Any CPU.Build.0 = Debug|Any CPU
		{FA3E474D-C184-4AEC-B3A5-66CA153121AF}.Release|Any CPU.ActiveCfg = Release|Any CPU
		{FA3E474D-C184-4AEC-B3A5-66CA153121AF}.Release|Any CPU.Build.0 = Release|Any CPU
		{E662C7C0-869F-4CBF-A937-AB222516892F}.Debug|Any CPU.ActiveCfg = Debug|Any CPU
		{E662C7C0-869F-4CBF-A937-AB222516892F}.Debug|Any CPU.Build.0 = Debug|Any CPU
		{E662C7C0-869F-4CBF-A937-AB222516892F}.Release|Any CPU.ActiveCfg = Release|Any CPU
		{E662C7C0-869F-4CBF-A937-AB222516892F}.Release|Any CPU.Build.0 = Release|Any CPU
		{CEF020A6-5204-4658-847E-119225CBDB54}.Debug|Any CPU.ActiveCfg = Debug|Any CPU
		{CEF020A6-5204-4658-847E-119225CBDB54}.Debug|Any CPU.Build.0 = Debug|Any CPU
		{CEF020A6-5204-4658-847E-119225CBDB54}.Release|Any CPU.ActiveCfg = Release|Any CPU
		{CEF020A6-5204-4658-847E-119225CBDB54}.Release|Any CPU.Build.0 = Release|Any CPU
		{F3E542DE-7A88-4166-BA02-822BA52FFAF9}.Debug|Any CPU.ActiveCfg = Debug|Any CPU
		{F3E542DE-7A88-4166-BA02-822BA52FFAF9}.Debug|Any CPU.Build.0 = Debug|Any CPU
		{F3E542DE-7A88-4166-BA02-822BA52FFAF9}.Release|Any CPU.ActiveCfg = Release|Any CPU
		{F3E542DE-7A88-4166-BA02-822BA52FFAF9}.Release|Any CPU.Build.0 = Release|Any CPU
		{53F1724F-EC56-4D86-820C-4C6148A3CE2A}.Debug|Any CPU.ActiveCfg = Debug|Any CPU
		{53F1724F-EC56-4D86-820C-4C6148A3CE2A}.Debug|Any CPU.Build.0 = Debug|Any CPU
		{53F1724F-EC56-4D86-820C-4C6148A3CE2A}.Release|Any CPU.ActiveCfg = Release|Any CPU
		{53F1724F-EC56-4D86-820C-4C6148A3CE2A}.Release|Any CPU.Build.0 = Release|Any CPU
		{8CF40E9A-5D4A-4741-BC60-86F58B27F805}.Debug|Any CPU.ActiveCfg = Debug|Any CPU
		{8CF40E9A-5D4A-4741-BC60-86F58B27F805}.Debug|Any CPU.Build.0 = Debug|Any CPU
		{8CF40E9A-5D4A-4741-BC60-86F58B27F805}.Release|Any CPU.ActiveCfg = Release|Any CPU
		{8CF40E9A-5D4A-4741-BC60-86F58B27F805}.Release|Any CPU.Build.0 = Release|Any CPU
		{A604A2C4-8A3E-466B-B384-79AC31EA1B10}.Debug|Any CPU.ActiveCfg = Debug|Any CPU
		{A604A2C4-8A3E-466B-B384-79AC31EA1B10}.Debug|Any CPU.Build.0 = Debug|Any CPU
		{A604A2C4-8A3E-466B-B384-79AC31EA1B10}.Release|Any CPU.ActiveCfg = Release|Any CPU
		{A604A2C4-8A3E-466B-B384-79AC31EA1B10}.Release|Any CPU.Build.0 = Release|Any CPU
		{21A3ADF5-045D-4DAA-8A7A-97C1FD304523}.Debug|Any CPU.ActiveCfg = Debug|Any CPU
		{21A3ADF5-045D-4DAA-8A7A-97C1FD304523}.Debug|Any CPU.Build.0 = Debug|Any CPU
		{21A3ADF5-045D-4DAA-8A7A-97C1FD304523}.Release|Any CPU.ActiveCfg = Release|Any CPU
		{21A3ADF5-045D-4DAA-8A7A-97C1FD304523}.Release|Any CPU.Build.0 = Release|Any CPU
		{05E7203C-8DB1-4C2C-9EAD-1C036219DCE8}.Debug|Any CPU.ActiveCfg = Debug|Any CPU
		{05E7203C-8DB1-4C2C-9EAD-1C036219DCE8}.Debug|Any CPU.Build.0 = Debug|Any CPU
		{05E7203C-8DB1-4C2C-9EAD-1C036219DCE8}.Release|Any CPU.ActiveCfg = Release|Any CPU
		{05E7203C-8DB1-4C2C-9EAD-1C036219DCE8}.Release|Any CPU.Build.0 = Release|Any CPU
	EndGlobalSection
	GlobalSection(NestedProjects) = preSolution
		{8B10F269-9802-408F-899C-069C3FCCD98E} = {823AB02E-1130-44F9-B78E-8103138DBFEA}
		{CEF020A6-5204-4658-847E-119225CBDB54} = {8B10F269-9802-408F-899C-069C3FCCD98E}
		{E662C7C0-869F-4CBF-A937-AB222516892F} = {8B10F269-9802-408F-899C-069C3FCCD98E}
		{13050295-2888-4A3B-A4D4-551E62BE9ED5} = {8B10F269-9802-408F-899C-069C3FCCD98E}
		{B59E8B66-007A-4155-BDB4-8DD80742F800} = {8B10F269-9802-408F-899C-069C3FCCD98E}
		{7DA6C02B-7D99-45E4-95F6-AC5F948DE75B} = {C2951A7F-EE6B-4E70-81E7-D193CA4649B1}
		{FA3E474D-C184-4AEC-B3A5-66CA153121AF} = {C2951A7F-EE6B-4E70-81E7-D193CA4649B1}
		{F3E542DE-7A88-4166-BA02-822BA52FFAF9} = {C2951A7F-EE6B-4E70-81E7-D193CA4649B1}
		{53F1724F-EC56-4D86-820C-4C6148A3CE2A} = {C2951A7F-EE6B-4E70-81E7-D193CA4649B1}
		{8CF40E9A-5D4A-4741-BC60-86F58B27F805} = {846992AC-55B1-4EC1-B07A-65776839BE33}
		{A604A2C4-8A3E-466B-B384-79AC31EA1B10} = {8B10F269-9802-408F-899C-069C3FCCD98E}
		{21A3ADF5-045D-4DAA-8A7A-97C1FD304523} = {846992AC-55B1-4EC1-B07A-65776839BE33}
		{05E7203C-8DB1-4C2C-9EAD-1C036219DCE8} = {C2951A7F-EE6B-4E70-81E7-D193CA4649B1}
	EndGlobalSection
EndGlobal
