
Microsoft Visual Studio Solution File, Format Version 12.00
Project("{FAE04EC0-301F-11D3-BF4B-00C04F79EFBC}") = "TrailStore.Shared.Domain", "TrailStore.Shared.Domain\TrailStore.Shared.Domain.csproj", "{7DA6C02B-7D99-45E4-95F6-AC5F948DE75B}"
EndProject
Project("{FAE04EC0-301F-11D3-BF4B-00C04F79EFBC}") = "TrailStore.Shared.Infrastructure", "TrailStore.Shared.Infrastructure\TrailStore.Shared.Infrastructure.csproj", "{FA3E474D-C184-4AEC-B3A5-66CA153121AF}"
EndProject
Project("{FAE04EC0-301F-11D3-BF4B-00C04F79EFBC}") = "TrailStore.Identity", "TrailStore.Identity\TrailStore.Identity.csproj", "{CEF020A6-5204-4658-847E-119225CBDB54}"
EndProject
Project("{2150E333-8FDC-42A3-9474-1A3956D46DE8}") = "Modules", "Modules", "{823AB02E-1130-44F9-B78E-8103138DBFEA}"
EndProject
Project("{2150E333-8FDC-42A3-9474-1A3956D46DE8}") = "Identity", "Identity", "{8B10F269-9802-408F-899C-069C3FCCD98E}"
EndProject
Project("{2150E333-8FDC-42A3-9474-1A3956D46DE8}") = "Shared", "Shared", "{C2951A7F-EE6B-4E70-81E7-D193CA4649B1}"
EndProject
Project("{FAE04EC0-301F-11D3-BF4B-00C04F79EFBC}") = "TrailStore.Shared.Api", "TrailStore.Shared.Api\TrailStore.Shared.Api.csproj", "{53F1724F-EC56-4D86-820C-4C6148A3CE2A}"
EndProject
Project("{FAE04EC0-301F-11D3-BF4B-00C04F79EFBC}") = "TrailStore.Host", "TrailStore.Host\TrailStore.Host.csproj", "{8CF40E9A-5D4A-4741-BC60-86F58B27F805}"
EndProject
Project("{2150E333-8FDC-42A3-9474-1A3956D46DE8}") = "Root", "Root", "{846992AC-55B1-4EC1-B07A-65776839BE33}"
EndProject
Project("{FAE04EC0-301F-11D3-BF4B-00C04F79EFBC}") = "TrailStore.Seed", "TrailStore.Seed\TrailStore.Seed.csproj", "{21A3ADF5-045D-4DAA-8A7A-97C1FD304523}"
EndProject
Project("{2150E333-8FDC-42A3-9474-1A3956D46DE8}") = "Catalog", "Catalog", "{32A2EA1D-9353-4813-99BA-2BBFD4E0A0A2}"
EndProject
Project("{FAE04EC0-301F-11D3-BF4B-00C04F79EFBC}") = "TrailStore.Catalog", "TrailStore.Catalog\TrailStore.Catalog.csproj", "{734CCCDC-2AA8-40CB-81E5-111B7F59E1A4}"
EndProject
Project("{FAE04EC0-301F-11D3-BF4B-00C04F79EFBC}") = "TrailStore.Identity.Contracts", "TrailStore.Identity.Contracts\TrailStore.Identity.Contracts.csproj", "{E4C9A08C-FE66-4CCE-8225-1D65E0002609}"
EndProject
Project("{2150E333-8FDC-42A3-9474-1A3956D46DE8}") = "Ordering", "Ordering", "{4CE07BB5-FCEB-4318-B12D-C66A8FB9197A}"
EndProject
Project("{FAE04EC0-301F-11D3-BF4B-00C04F79EFBC}") = "TrailStore.Basket", "TrailStore.Basket\TrailStore.Basket.csproj", "{5E2DF5B4-B5FC-4080-8DF9-95D141475362}"
EndProject
Project("{2150E333-8FDC-42A3-9474-1A3956D46DE8}") = "Basket", "Basket", "{05E18A90-4087-419E-9C44-AAD8E9ED3441}"
EndProject
Project("{FAE04EC0-301F-11D3-BF4B-00C04F79EFBC}") = "TrailStore.Basket.Contracts", "TrailStore.Basket.Contracts\TrailStore.Basket.Contracts.csproj", "{021B1AD8-EB4E-4DB3-82AE-6723A87C6B95}"
EndProject
Project("{FAE04EC0-301F-11D3-BF4B-00C04F79EFBC}") = "TrailStore.Catalog.Contracts", "TrailStore.Catalog.Contracts\TrailStore.Catalog.Contracts.csproj", "{9C4CB7BB-E384-4E0A-BD0D-DE61090273E7}"
EndProject
Project("{FAE04EC0-301F-11D3-BF4B-00C04F79EFBC}") = "TrailStore.Basket.Tests", "TrailStore.Basket.Tests\TrailStore.Basket.Tests.csproj", "{77A1ADD0-A554-4907-B169-B3C85D1CE8D7}"
EndProject
Project("{FAE04EC0-301F-11D3-BF4B-00C04F79EFBC}") = "TrailStore.Ordering", "TrailStore.Ordering\TrailStore.Ordering.csproj", "{B4C0259D-38D7-4B12-B154-BAFD85349AB9}"
EndProject
Project("{FAE04EC0-301F-11D3-BF4B-00C04F79EFBC}") = "TrailStore.Ordering.Contracts", "TrailStore.Ordering.Contracts\TrailStore.Ordering.Contracts.csproj", "{4FFB77B2-F162-474C-BE12-2BC4B5955A57}"
EndProject
Project("{2150E333-8FDC-42A3-9474-1A3956D46DE8}") = "Inventory", "Inventory", "{C917A3E3-8F6C-4EA9-8635-19D6F967AF03}"
EndProject
Project("{FAE04EC0-301F-11D3-BF4B-00C04F79EFBC}") = "TrailStore.Inventory", "TrailStore.Inventory\TrailStore.Inventory.csproj", "{A75DA9BC-F87E-4862-BC3F-0CB3944958F8}"
EndProject
Project("{FAE04EC0-301F-11D3-BF4B-00C04F79EFBC}") = "TrailStore.Inventory.Contracts", "TrailStore.Inventory.Contracts\TrailStore.Inventory.Contracts.csproj", "{23933060-54F8-46E9-A92E-F23EC1179964}"
EndProject
Project("{2150E333-8FDC-42A3-9474-1A3956D46DE8}") = "Payments", "Payments", "{25E9092C-AB56-414D-905E-AA477905EA78}"
EndProject
Project("{FAE04EC0-301F-11D3-BF4B-00C04F79EFBC}") = "TrailStore.Payments", "TrailStore.Payments\TrailStore.Payments.csproj", "{E88EFF8C-F356-41BC-A744-86995EF54114}"
EndProject
Project("{FAE04EC0-301F-11D3-BF4B-00C04F79EFBC}") = "TrailStore.Payments.Contracts", "TrailStore.Payments.Contracts\TrailStore.Payments.Contracts.csproj", "{FBE0275E-7931-4D98-AED1-91D8AEC41CA9}"
EndProject
Project("{2150E333-8FDC-42A3-9474-1A3956D46DE8}") = "Customer", "Customer", "{4877886B-1FBE-40AD-BD19-E7D6AEBA4217}"
EndProject
Project("{FAE04EC0-301F-11D3-BF4B-00C04F79EFBC}") = "TrailStore.Wishlist", "TrailStore.Wishlist\TrailStore.Wishlist.csproj", "{5D613F2F-5B3B-42EA-ABF0-E473C291B65D}"
EndProject
Project("{2150E333-8FDC-42A3-9474-1A3956D46DE8}") = "Docker Compose", "Docker Compose", "{FD3E7CE0-9A34-4D7B-919E-4C0E06FBB7E7}"
	ProjectSection(SolutionItems) = preProject
		compose.base.yaml = compose.base.yaml
		compose.dev.yaml = compose.dev.yaml
		.env = .env
		Dockerfile = Dockerfile
	EndProjectSection
EndProject
Global
	GlobalSection(SolutionConfigurationPlatforms) = preSolution
		Debug|Any CPU = Debug|Any CPU
		Release|Any CPU = Release|Any CPU
	EndGlobalSection
	GlobalSection(ProjectConfigurationPlatforms) = postSolution
		{7DA6C02B-7D99-45E4-95F6-AC5F948DE75B}.Debug|Any CPU.ActiveCfg = Debug|Any CPU
		{7DA6C02B-7D99-45E4-95F6-AC5F948DE75B}.Debug|Any CPU.Build.0 = Debug|Any CPU
		{7DA6C02B-7D99-45E4-95F6-AC5F948DE75B}.Release|Any CPU.ActiveCfg = Release|Any CPU
		{7DA6C02B-7D99-45E4-95F6-AC5F948DE75B}.Release|Any CPU.Build.0 = Release|Any CPU
		{FA3E474D-C184-4AEC-B3A5-66CA153121AF}.Debug|Any CPU.ActiveCfg = Debug|Any CPU
		{FA3E474D-C184-4AEC-B3A5-66CA153121AF}.Debug|Any CPU.Build.0 = Debug|Any CPU
		{FA3E474D-C184-4AEC-B3A5-66CA153121AF}.Release|Any CPU.ActiveCfg = Release|Any CPU
		{FA3E474D-C184-4AEC-B3A5-66CA153121AF}.Release|Any CPU.Build.0 = Release|Any CPU
		{CEF020A6-5204-4658-847E-119225CBDB54}.Debug|Any CPU.ActiveCfg = Debug|Any CPU
		{CEF020A6-5204-4658-847E-119225CBDB54}.Debug|Any CPU.Build.0 = Debug|Any CPU
		{CEF020A6-5204-4658-847E-119225CBDB54}.Release|Any CPU.ActiveCfg = Release|Any CPU
		{CEF020A6-5204-4658-847E-119225CBDB54}.Release|Any CPU.Build.0 = Release|Any CPU
		{53F1724F-EC56-4D86-820C-4C6148A3CE2A}.Debug|Any CPU.ActiveCfg = Debug|Any CPU
		{53F1724F-EC56-4D86-820C-4C6148A3CE2A}.Debug|Any CPU.Build.0 = Debug|Any CPU
		{53F1724F-EC56-4D86-820C-4C6148A3CE2A}.Release|Any CPU.ActiveCfg = Release|Any CPU
		{53F1724F-EC56-4D86-820C-4C6148A3CE2A}.Release|Any CPU.Build.0 = Release|Any CPU
		{8CF40E9A-5D4A-4741-BC60-86F58B27F805}.Debug|Any CPU.ActiveCfg = Debug|Any CPU
		{8CF40E9A-5D4A-4741-BC60-86F58B27F805}.Debug|Any CPU.Build.0 = Debug|Any CPU
		{8CF40E9A-5D4A-4741-BC60-86F58B27F805}.Release|Any CPU.ActiveCfg = Release|Any CPU
		{8CF40E9A-5D4A-4741-BC60-86F58B27F805}.Release|Any CPU.Build.0 = Release|Any CPU
		{21A3ADF5-045D-4DAA-8A7A-97C1FD304523}.Debug|Any CPU.ActiveCfg = Debug|Any CPU
		{21A3ADF5-045D-4DAA-8A7A-97C1FD304523}.Debug|Any CPU.Build.0 = Debug|Any CPU
		{21A3ADF5-045D-4DAA-8A7A-97C1FD304523}.Release|Any CPU.ActiveCfg = Release|Any CPU
		{21A3ADF5-045D-4DAA-8A7A-97C1FD304523}.Release|Any CPU.Build.0 = Release|Any CPU
		{734CCCDC-2AA8-40CB-81E5-111B7F59E1A4}.Debug|Any CPU.ActiveCfg = Debug|Any CPU
		{734CCCDC-2AA8-40CB-81E5-111B7F59E1A4}.Debug|Any CPU.Build.0 = Debug|Any CPU
		{734CCCDC-2AA8-40CB-81E5-111B7F59E1A4}.Release|Any CPU.ActiveCfg = Release|Any CPU
		{734CCCDC-2AA8-40CB-81E5-111B7F59E1A4}.Release|Any CPU.Build.0 = Release|Any CPU
		{E4C9A08C-FE66-4CCE-8225-1D65E0002609}.Debug|Any CPU.ActiveCfg = Debug|Any CPU
		{E4C9A08C-FE66-4CCE-8225-1D65E0002609}.Debug|Any CPU.Build.0 = Debug|Any CPU
		{E4C9A08C-FE66-4CCE-8225-1D65E0002609}.Release|Any CPU.ActiveCfg = Release|Any CPU
		{E4C9A08C-FE66-4CCE-8225-1D65E0002609}.Release|Any CPU.Build.0 = Release|Any CPU
		{5E2DF5B4-B5FC-4080-8DF9-95D141475362}.Debug|Any CPU.ActiveCfg = Debug|Any CPU
		{5E2DF5B4-B5FC-4080-8DF9-95D141475362}.Debug|Any CPU.Build.0 = Debug|Any CPU
		{5E2DF5B4-B5FC-4080-8DF9-95D141475362}.Release|Any CPU.ActiveCfg = Release|Any CPU
		{5E2DF5B4-B5FC-4080-8DF9-95D141475362}.Release|Any CPU.Build.0 = Release|Any CPU
		{021B1AD8-EB4E-4DB3-82AE-6723A87C6B95}.Debug|Any CPU.ActiveCfg = Debug|Any CPU
		{021B1AD8-EB4E-4DB3-82AE-6723A87C6B95}.Debug|Any CPU.Build.0 = Debug|Any CPU
		{021B1AD8-EB4E-4DB3-82AE-6723A87C6B95}.Release|Any CPU.ActiveCfg = Release|Any CPU
		{021B1AD8-EB4E-4DB3-82AE-6723A87C6B95}.Release|Any CPU.Build.0 = Release|Any CPU
		{9C4CB7BB-E384-4E0A-BD0D-DE61090273E7}.Debug|Any CPU.ActiveCfg = Debug|Any CPU
		{9C4CB7BB-E384-4E0A-BD0D-DE61090273E7}.Debug|Any CPU.Build.0 = Debug|Any CPU
		{9C4CB7BB-E384-4E0A-BD0D-DE61090273E7}.Release|Any CPU.ActiveCfg = Release|Any CPU
		{9C4CB7BB-E384-4E0A-BD0D-DE61090273E7}.Release|Any CPU.Build.0 = Release|Any CPU
		{77A1ADD0-A554-4907-B169-B3C85D1CE8D7}.Debug|Any CPU.ActiveCfg = Debug|Any CPU
		{77A1ADD0-A554-4907-B169-B3C85D1CE8D7}.Debug|Any CPU.Build.0 = Debug|Any CPU
		{77A1ADD0-A554-4907-B169-B3C85D1CE8D7}.Release|Any CPU.ActiveCfg = Release|Any CPU
		{77A1ADD0-A554-4907-B169-B3C85D1CE8D7}.Release|Any CPU.Build.0 = Release|Any CPU
		{B4C0259D-38D7-4B12-B154-BAFD85349AB9}.Debug|Any CPU.ActiveCfg = Debug|Any CPU
		{B4C0259D-38D7-4B12-B154-BAFD85349AB9}.Debug|Any CPU.Build.0 = Debug|Any CPU
		{B4C0259D-38D7-4B12-B154-BAFD85349AB9}.Release|Any CPU.ActiveCfg = Release|Any CPU
		{B4C0259D-38D7-4B12-B154-BAFD85349AB9}.Release|Any CPU.Build.0 = Release|Any CPU
		{4FFB77B2-F162-474C-BE12-2BC4B5955A57}.Debug|Any CPU.ActiveCfg = Debug|Any CPU
		{4FFB77B2-F162-474C-BE12-2BC4B5955A57}.Debug|Any CPU.Build.0 = Debug|Any CPU
		{4FFB77B2-F162-474C-BE12-2BC4B5955A57}.Release|Any CPU.ActiveCfg = Release|Any CPU
		{4FFB77B2-F162-474C-BE12-2BC4B5955A57}.Release|Any CPU.Build.0 = Release|Any CPU
		{A75DA9BC-F87E-4862-BC3F-0CB3944958F8}.Debug|Any CPU.ActiveCfg = Debug|Any CPU
		{A75DA9BC-F87E-4862-BC3F-0CB3944958F8}.Debug|Any CPU.Build.0 = Debug|Any CPU
		{A75DA9BC-F87E-4862-BC3F-0CB3944958F8}.Release|Any CPU.ActiveCfg = Release|Any CPU
		{A75DA9BC-F87E-4862-BC3F-0CB3944958F8}.Release|Any CPU.Build.0 = Release|Any CPU
		{23933060-54F8-46E9-A92E-F23EC1179964}.Debug|Any CPU.ActiveCfg = Debug|Any CPU
		{23933060-54F8-46E9-A92E-F23EC1179964}.Debug|Any CPU.Build.0 = Debug|Any CPU
		{23933060-54F8-46E9-A92E-F23EC1179964}.Release|Any CPU.ActiveCfg = Release|Any CPU
		{23933060-54F8-46E9-A92E-F23EC1179964}.Release|Any CPU.Build.0 = Release|Any CPU
		{E88EFF8C-F356-41BC-A744-86995EF54114}.Debug|Any CPU.ActiveCfg = Debug|Any CPU
		{E88EFF8C-F356-41BC-A744-86995EF54114}.Debug|Any CPU.Build.0 = Debug|Any CPU
		{E88EFF8C-F356-41BC-A744-86995EF54114}.Release|Any CPU.ActiveCfg = Release|Any CPU
		{E88EFF8C-F356-41BC-A744-86995EF54114}.Release|Any CPU.Build.0 = Release|Any CPU
		{FBE0275E-7931-4D98-AED1-91D8AEC41CA9}.Debug|Any CPU.ActiveCfg = Debug|Any CPU
		{FBE0275E-7931-4D98-AED1-91D8AEC41CA9}.Debug|Any CPU.Build.0 = Debug|Any CPU
		{FBE0275E-7931-4D98-AED1-91D8AEC41CA9}.Release|Any CPU.ActiveCfg = Release|Any CPU
		{FBE0275E-7931-4D98-AED1-91D8AEC41CA9}.Release|Any CPU.Build.0 = Release|Any CPU
		{5D613F2F-5B3B-42EA-ABF0-E473C291B65D}.Debug|Any CPU.ActiveCfg = Debug|Any CPU
		{5D613F2F-5B3B-42EA-ABF0-E473C291B65D}.Debug|Any CPU.Build.0 = Debug|Any CPU
		{5D613F2F-5B3B-42EA-ABF0-E473C291B65D}.Release|Any CPU.ActiveCfg = Release|Any CPU
		{5D613F2F-5B3B-42EA-ABF0-E473C291B65D}.Release|Any CPU.Build.0 = Release|Any CPU
	EndGlobalSection
	GlobalSection(NestedProjects) = preSolution
		{8B10F269-9802-408F-899C-069C3FCCD98E} = {823AB02E-1130-44F9-B78E-8103138DBFEA}
		{CEF020A6-5204-4658-847E-119225CBDB54} = {8B10F269-9802-408F-899C-069C3FCCD98E}
		{7DA6C02B-7D99-45E4-95F6-AC5F948DE75B} = {C2951A7F-EE6B-4E70-81E7-D193CA4649B1}
		{FA3E474D-C184-4AEC-B3A5-66CA153121AF} = {C2951A7F-EE6B-4E70-81E7-D193CA4649B1}
		{53F1724F-EC56-4D86-820C-4C6148A3CE2A} = {C2951A7F-EE6B-4E70-81E7-D193CA4649B1}
		{8CF40E9A-5D4A-4741-BC60-86F58B27F805} = {846992AC-55B1-4EC1-B07A-65776839BE33}
		{21A3ADF5-045D-4DAA-8A7A-97C1FD304523} = {846992AC-55B1-4EC1-B07A-65776839BE33}
		{32A2EA1D-9353-4813-99BA-2BBFD4E0A0A2} = {823AB02E-1130-44F9-B78E-8103138DBFEA}
		{734CCCDC-2AA8-40CB-81E5-111B7F59E1A4} = {32A2EA1D-9353-4813-99BA-2BBFD4E0A0A2}
		{E4C9A08C-FE66-4CCE-8225-1D65E0002609} = {8B10F269-9802-408F-899C-069C3FCCD98E}
		{4CE07BB5-FCEB-4318-B12D-C66A8FB9197A} = {823AB02E-1130-44F9-B78E-8103138DBFEA}
		{05E18A90-4087-419E-9C44-AAD8E9ED3441} = {823AB02E-1130-44F9-B78E-8103138DBFEA}
		{5E2DF5B4-B5FC-4080-8DF9-95D141475362} = {05E18A90-4087-419E-9C44-AAD8E9ED3441}
		{021B1AD8-EB4E-4DB3-82AE-6723A87C6B95} = {05E18A90-4087-419E-9C44-AAD8E9ED3441}
		{9C4CB7BB-E384-4E0A-BD0D-DE61090273E7} = {32A2EA1D-9353-4813-99BA-2BBFD4E0A0A2}
		{77A1ADD0-A554-4907-B169-B3C85D1CE8D7} = {05E18A90-4087-419E-9C44-AAD8E9ED3441}
		{B4C0259D-38D7-4B12-B154-BAFD85349AB9} = {4CE07BB5-FCEB-4318-B12D-C66A8FB9197A}
		{4FFB77B2-F162-474C-BE12-2BC4B5955A57} = {4CE07BB5-FCEB-4318-B12D-C66A8FB9197A}
		{C917A3E3-8F6C-4EA9-8635-19D6F967AF03} = {823AB02E-1130-44F9-B78E-8103138DBFEA}
		{A75DA9BC-F87E-4862-BC3F-0CB3944958F8} = {C917A3E3-8F6C-4EA9-8635-19D6F967AF03}
		{23933060-54F8-46E9-A92E-F23EC1179964} = {C917A3E3-8F6C-4EA9-8635-19D6F967AF03}
		{25E9092C-AB56-414D-905E-AA477905EA78} = {823AB02E-1130-44F9-B78E-8103138DBFEA}
		{E88EFF8C-F356-41BC-A744-86995EF54114} = {25E9092C-AB56-414D-905E-AA477905EA78}
		{FBE0275E-7931-4D98-AED1-91D8AEC41CA9} = {25E9092C-AB56-414D-905E-AA477905EA78}
		{4877886B-1FBE-40AD-BD19-E7D6AEBA4217} = {823AB02E-1130-44F9-B78E-8103138DBFEA}
		{5D613F2F-5B3B-42EA-ABF0-E473C291B65D} = {4877886B-1FBE-40AD-BD19-E7D6AEBA4217}
	EndGlobalSection
EndGlobal
