
Microsoft Visual Studio Solution File, Format Version 12.00
Project("{FAE04EC0-301F-11D3-BF4B-00C04F79EFBC}") = "TrailStore.Shared.Domain", "TrailStore.Shared.Domain\TrailStore.Shared.Domain.csproj", "{7DA6C02B-7D99-45E4-95F6-AC5F948DE75B}"
EndProject
Project("{FAE04EC0-301F-11D3-BF4B-00C04F79EFBC}") = "TrailStore.Shared.Infrastructure", "TrailStore.Shared.Infrastructure\TrailStore.Shared.Infrastructure.csproj", "{FA3E474D-C184-4AEC-B3A5-66CA153121AF}"
EndProject
Project("{FAE04EC0-301F-11D3-BF4B-00C04F79EFBC}") = "TrailStore.Identity", "TrailStore.Identity\TrailStore.Identity.csproj", "{CEF020A6-5204-4658-847E-119225CBDB54}"
EndProject
Project("{2150E333-8FDC-42A3-9474-1A3956D46DE8}") = "Modules", "Modules", "{823AB02E-1130-44F9-B78E-8103138DBFEA}"
EndProject
Project("{2150E333-8FDC-42A3-9474-1A3956D46DE8}") = "Identity", "Identity", "{8B10F269-9802-408F-899C-069C3FCCD98E}"
EndProject
Project("{2150E333-8FDC-42A3-9474-1A3956D46DE8}") = "Shared", "Shared", "{C2951A7F-EE6B-4E70-81E7-D193CA4649B1}"
EndProject
Project("{FAE04EC0-301F-11D3-BF4B-00C04F79EFBC}") = "TrailStore.Shared.Api", "TrailStore.Shared.Api\TrailStore.Shared.Api.csproj", "{53F1724F-EC56-4D86-820C-4C6148A3CE2A}"
EndProject
Project("{FAE04EC0-301F-11D3-BF4B-00C04F79EFBC}") = "TrailStore.Host", "TrailStore.Host\TrailStore.Host.csproj", "{8CF40E9A-5D4A-4741-BC60-86F58B27F805}"
EndProject
Project("{2150E333-8FDC-42A3-9474-1A3956D46DE8}") = "Root", "Root", "{846992AC-55B1-4EC1-B07A-65776839BE33}"
EndProject
Project("{FAE04EC0-301F-11D3-BF4B-00C04F79EFBC}") = "TrailStore.Seed.Console", "TrailStore.Seed.Console\TrailStore.Seed.Console.csproj", "{21A3ADF5-045D-4DAA-8A7A-97C1FD304523}"
EndProject
Project("{FAE04EC0-301F-11D3-BF4B-00C04F79EFBC}") = "TrailStore.Shared.Seeding", "TrailStore.Shared.Seeding\TrailStore.Shared.Seeding.csproj", "{05E7203C-8DB1-4C2C-9EAD-1C036219DCE8}"
EndProject
Project("{2150E333-8FDC-42A3-9474-1A3956D46DE8}") = "Catalog", "Catalog", "{32A2EA1D-9353-4813-99BA-2BBFD4E0A0A2}"
EndProject
Project("{FAE04EC0-301F-11D3-BF4B-00C04F79EFBC}") = "TrailStore.Catalog", "TrailStore.Catalog\TrailStore.Catalog.csproj", "{734CCCDC-2AA8-40CB-81E5-111B7F59E1A4}"
EndProject
Project("{FAE04EC0-301F-11D3-BF4B-00C04F79EFBC}") = "TrailStore.Identity.Contracts", "TrailStore.Identity.Contracts\TrailStore.Identity.Contracts.csproj", "{E4C9A08C-FE66-4CCE-8225-1D65E0002609}"
EndProject
Project("{2150E333-8FDC-42A3-9474-1A3956D46DE8}") = "Inventory", "Inventory", "{4CE07BB5-FCEB-4318-B12D-C66A8FB9197A}"
EndProject
Global
	GlobalSection(SolutionConfigurationPlatforms) = preSolution
		Debug|Any CPU = Debug|Any CPU
		Release|Any CPU = Release|Any CPU
	EndGlobalSection
	GlobalSection(ProjectConfigurationPlatforms) = postSolution
		{7DA6C02B-7D99-45E4-95F6-AC5F948DE75B}.Debug|Any CPU.ActiveCfg = Debug|Any CPU
		{7DA6C02B-7D99-45E4-95F6-AC5F948DE75B}.Debug|Any CPU.Build.0 = Debug|Any CPU
		{7DA6C02B-7D99-45E4-95F6-AC5F948DE75B}.Release|Any CPU.ActiveCfg = Release|Any CPU
		{7DA6C02B-7D99-45E4-95F6-AC5F948DE75B}.Release|Any CPU.Build.0 = Release|Any CPU
		{FA3E474D-C184-4AEC-B3A5-66CA153121AF}.Debug|Any CPU.ActiveCfg = Debug|Any CPU
		{FA3E474D-C184-4AEC-B3A5-66CA153121AF}.Debug|Any CPU.Build.0 = Debug|Any CPU
		{FA3E474D-C184-4AEC-B3A5-66CA153121AF}.Release|Any CPU.ActiveCfg = Release|Any CPU
		{FA3E474D-C184-4AEC-B3A5-66CA153121AF}.Release|Any CPU.Build.0 = Release|Any CPU
		{CEF020A6-5204-4658-847E-119225CBDB54}.Debug|Any CPU.ActiveCfg = Debug|Any CPU
		{CEF020A6-5204-4658-847E-119225CBDB54}.Debug|Any CPU.Build.0 = Debug|Any CPU
		{CEF020A6-5204-4658-847E-119225CBDB54}.Release|Any CPU.ActiveCfg = Release|Any CPU
		{CEF020A6-5204-4658-847E-119225CBDB54}.Release|Any CPU.Build.0 = Release|Any CPU
		{53F1724F-EC56-4D86-820C-4C6148A3CE2A}.Debug|Any CPU.ActiveCfg = Debug|Any CPU
		{53F1724F-EC56-4D86-820C-4C6148A3CE2A}.Debug|Any CPU.Build.0 = Debug|Any CPU
		{53F1724F-EC56-4D86-820C-4C6148A3CE2A}.Release|Any CPU.ActiveCfg = Release|Any CPU
		{53F1724F-EC56-4D86-820C-4C6148A3CE2A}.Release|Any CPU.Build.0 = Release|Any CPU
		{8CF40E9A-5D4A-4741-BC60-86F58B27F805}.Debug|Any CPU.ActiveCfg = Debug|Any CPU
		{8CF40E9A-5D4A-4741-BC60-86F58B27F805}.Debug|Any CPU.Build.0 = Debug|Any CPU
		{8CF40E9A-5D4A-4741-BC60-86F58B27F805}.Release|Any CPU.ActiveCfg = Release|Any CPU
		{8CF40E9A-5D4A-4741-BC60-86F58B27F805}.Release|Any CPU.Build.0 = Release|Any CPU
		{21A3ADF5-045D-4DAA-8A7A-97C1FD304523}.Debug|Any CPU.ActiveCfg = Debug|Any CPU
		{21A3ADF5-045D-4DAA-8A7A-97C1FD304523}.Debug|Any CPU.Build.0 = Debug|Any CPU
		{21A3ADF5-045D-4DAA-8A7A-97C1FD304523}.Release|Any CPU.ActiveCfg = Release|Any CPU
		{21A3ADF5-045D-4DAA-8A7A-97C1FD304523}.Release|Any CPU.Build.0 = Release|Any CPU
		{05E7203C-8DB1-4C2C-9EAD-1C036219DCE8}.Debug|Any CPU.ActiveCfg = Debug|Any CPU
		{05E7203C-8DB1-4C2C-9EAD-1C036219DCE8}.Debug|Any CPU.Build.0 = Debug|Any CPU
		{05E7203C-8DB1-4C2C-9EAD-1C036219DCE8}.Release|Any CPU.ActiveCfg = Release|Any CPU
		{05E7203C-8DB1-4C2C-9EAD-1C036219DCE8}.Release|Any CPU.Build.0 = Release|Any CPU
		{734CCCDC-2AA8-40CB-81E5-111B7F59E1A4}.Debug|Any CPU.ActiveCfg = Debug|Any CPU
		{734CCCDC-2AA8-40CB-81E5-111B7F59E1A4}.Debug|Any CPU.Build.0 = Debug|Any CPU
		{734CCCDC-2AA8-40CB-81E5-111B7F59E1A4}.Release|Any CPU.ActiveCfg = Release|Any CPU
		{734CCCDC-2AA8-40CB-81E5-111B7F59E1A4}.Release|Any CPU.Build.0 = Release|Any CPU
		{E4C9A08C-FE66-4CCE-8225-1D65E0002609}.Debug|Any CPU.ActiveCfg = Debug|Any CPU
		{E4C9A08C-FE66-4CCE-8225-1D65E0002609}.Debug|Any CPU.Build.0 = Debug|Any CPU
		{E4C9A08C-FE66-4CCE-8225-1D65E0002609}.Release|Any CPU.ActiveCfg = Release|Any CPU
		{E4C9A08C-FE66-4CCE-8225-1D65E0002609}.Release|Any CPU.Build.0 = Release|Any CPU
	EndGlobalSection
	GlobalSection(NestedProjects) = preSolution
		{8B10F269-9802-408F-899C-069C3FCCD98E} = {823AB02E-1130-44F9-B78E-8103138DBFEA}
		{CEF020A6-5204-4658-847E-119225CBDB54} = {8B10F269-9802-408F-899C-069C3FCCD98E}
		{7DA6C02B-7D99-45E4-95F6-AC5F948DE75B} = {C2951A7F-EE6B-4E70-81E7-D193CA4649B1}
		{FA3E474D-C184-4AEC-B3A5-66CA153121AF} = {C2951A7F-EE6B-4E70-81E7-D193CA4649B1}
		{53F1724F-EC56-4D86-820C-4C6148A3CE2A} = {C2951A7F-EE6B-4E70-81E7-D193CA4649B1}
		{8CF40E9A-5D4A-4741-BC60-86F58B27F805} = {846992AC-55B1-4EC1-B07A-65776839BE33}
		{21A3ADF5-045D-4DAA-8A7A-97C1FD304523} = {846992AC-55B1-4EC1-B07A-65776839BE33}
		{05E7203C-8DB1-4C2C-9EAD-1C036219DCE8} = {C2951A7F-EE6B-4E70-81E7-D193CA4649B1}
		{32A2EA1D-9353-4813-99BA-2BBFD4E0A0A2} = {823AB02E-1130-44F9-B78E-8103138DBFEA}
		{734CCCDC-2AA8-40CB-81E5-111B7F59E1A4} = {32A2EA1D-9353-4813-99BA-2BBFD4E0A0A2}
		{E4C9A08C-FE66-4CCE-8225-1D65E0002609} = {8B10F269-9802-408F-899C-069C3FCCD98E}
		{4CE07BB5-FCEB-4318-B12D-C66A8FB9197A} = {823AB02E-1130-44F9-B78E-8103138DBFEA}
	EndGlobalSection
EndGlobal
